<?xml version="1.0" encoding="utf-8"?>
<Project ToolsVersion="4.0" xmlns="http://schemas.microsoft.com/developer/msbuild/2003">
  <ItemGroup>
    <ClCompile Include="Block.cpp" />
    <ClCompile Include="Cake.cpp" />
    <ClCompile Include="Entity.cpp" />
    <ClCompile Include="FlowerEnemy.cpp" />
    <ClCompile Include="FlowerProjectile.cpp" />
    <ClCompile Include="Game.cpp" />
    <ClCompile Include="main.cpp" />
    <ClCompile Include="NonPlayerEntity.cpp" />
    <ClCompile Include="Player.cpp" />
    <ClCompile Include="Scene.cpp" />
    <ClCompile Include="Shader.cpp" />
    <ClCompile Include="ShaderProgram.cpp" />
    <ClCompile Include="Sprite.cpp" />
    <ClCompile Include="Texture.cpp" />
    <ClCompile Include="TileMap.cpp" />
    <ClCompile Include="TreeEnemy.cpp" />
    <ClCompile Include="TitleScreen.cpp" />
    <ClCompile Include="MainMenu.cpp" />
    <ClCompile Include="Chest.cpp" />
    <ClCompile Include="Coin.cpp" />
    <ClCompile Include="DragonBoss.cpp" />
    <ClCompile Include="illusionGem.cpp" />
  </ItemGroup>
  <ItemGroup>
    <ClInclude Include="AnimKeyframes.h" />
    <ClInclude Include="Block.h" />
    <ClInclude Include="Entity.h" />
    <ClInclude Include="FlowerEnemy.h" />
    <ClInclude Include="FlowerProjectile.h" />
    <ClInclude Include="Game.h" />
    <ClInclude Include="Cake.h" />
    <ClInclude Include="NonPlayerEntity.h" />
    <ClInclude Include="Player.h" />
    <ClInclude Include="Scene.h" />
    <ClInclude Include="Shader.h" />
    <ClInclude Include="ShaderProgram.h" />
    <ClInclude Include="Sprite.h" />
    <ClInclude Include="Texture.h" />
    <ClInclude Include="TileMap.h" />
    <ClInclude Include="TreeEnemy.h" />
    <ClInclude Include="TitleScreen.h" />
    <ClInclude Include="MainMenu.h" />
    <ClInclude Include="Chest.h" />
    <ClInclude Include="Coin.h" />
    <ClInclude Include="DragonBoss.h" />
    <ClInclude Include="illusionGem.h" />
  </ItemGroup>
</Project>